
Microsoft Visual Studio Solution File, Format Version 12.00
# Visual Studio 15
VisualStudioVersion = 15.0.28307.329
MinimumVisualStudioVersion = 10.0.40219.1
Project("{FAE04EC0-301F-11D3-BF4B-00C04F79EFBC}") = "ConsoleApp1", "ConsoleApp1\ConsoleApp1.csproj", "{919DD235-028E-4868-AA3C-EDF93ACF3943}"
EndProject
Project("{FAE04EC0-301F-11D3-BF4B-00C04F79EFBC}") = "ConsoleApp2", "ConsoleApp2\ConsoleApp2.csproj", "{1A1747BD-D6EE-408A-95F2-13E2489740A0}"
EndProject
Project("{FAE04EC0-301F-11D3-BF4B-00C04F79EFBC}") = "ConsoleApp3", "ConsoleApp3\ConsoleApp3.csproj", "{3BAB57F6-261B-4A1D-9E88-0BDDADED9FD6}"
EndProject
Project("{FAE04EC0-301F-11D3-BF4B-00C04F79EFBC}") = "ConsoleApp4", "ConsoleApp4\ConsoleApp4.csproj", "{8EE173FC-24B2-4519-9858-740E0820F02F}"
EndProject
Global
	GlobalSection(SolutionConfigurationPlatforms) = preSolution
		Debug|Any CPU = Debug|Any CPU
		Release|Any CPU = Release|Any CPU
	EndGlobalSection
	GlobalSection(ProjectConfigurationPlatforms) = postSolution
		{919DD235-028E-4868-AA3C-EDF93ACF3943}.Debug|Any CPU.ActiveCfg = Debug|Any CPU
		{919DD235-028E-4868-AA3C-EDF93ACF3943}.Debug|Any CPU.Build.0 = Debug|Any CPU
		{919DD235-028E-4868-AA3C-EDF93ACF3943}.Release|Any CPU.ActiveCfg = Release|Any CPU
		{919DD235-028E-4868-AA3C-EDF93ACF3943}.Release|Any CPU.Build.0 = Release|Any CPU
		{1A1747BD-D6EE-408A-95F2-13E2489740A0}.Debug|Any CPU.ActiveCfg = Debug|Any CPU
		{1A1747BD-D6EE-408A-95F2-13E2489740A0}.Debug|Any CPU.Build.0 = Debug|Any CPU
		{1A1747BD-D6EE-408A-95F2-13E2489740A0}.Release|Any CPU.ActiveCfg = Release|Any CPU
		{1A1747BD-D6EE-408A-95F2-13E2489740A0}.Release|Any CPU.Build.0 = Release|Any CPU
		{3BAB57F6-261B-4A1D-9E88-0BDDADED9FD6}.Debug|Any CPU.ActiveCfg = Debug|Any CPU
		{3BAB57F6-261B-4A1D-9E88-0BDDADED9FD6}.Debug|Any CPU.Build.0 = Debug|Any CPU
		{3BAB57F6-261B-4A1D-9E88-0BDDADED9FD6}.Release|Any CPU.ActiveCfg = Release|Any CPU
		{3BAB57F6-261B-4A1D-9E88-0BDDADED9FD6}.Release|Any CPU.Build.0 = Release|Any CPU
		{8EE173FC-24B2-4519-9858-740E0820F02F}.Debug|Any CPU.ActiveCfg = Debug|Any CPU
		{8EE173FC-24B2-4519-9858-740E0820F02F}.Debug|Any CPU.Build.0 = Debug|Any CPU
		{8EE173FC-24B2-4519-9858-740E0820F02F}.Release|Any CPU.ActiveCfg = Release|Any CPU
		{8EE173FC-24B2-4519-9858-740E0820F02F}.Release|Any CPU.Build.0 = Release|Any CPU
	EndGlobalSection
	GlobalSection(SolutionProperties) = preSolution
		HideSolutionNode = FALSE
	EndGlobalSection
	GlobalSection(ExtensibilityGlobals) = postSolution
		SolutionGuid = {81074FAB-3839-48F9-B4D2-DFA6CF20D112}
	EndGlobalSection
EndGlobal
